
Microsoft Visual Studio Solution File, Format Version 12.00
# Visual Studio Version 17
VisualStudioVersion = 17.3.32519.111
MinimumVisualStudioVersion = 10.0.40219.1
Project("{9A19103F-16F7-4668-BE54-9A1E7A4F7556}") = "CustomPaneAddIn", "CustomPaneAddIn\CustomPaneAddIn.csproj", "{F7BE2651-F99A-4C5C-A21D-BBFC42964EA1}"
EndProject
Project("{FAE04EC0-301F-11D3-BF4B-00C04F79EFBC}") = "MyWpfClassLibrary", "MyWpfClassLibrary\MyWpfClassLibrary.csproj", "{ACC26D62-57B5-44E2-84EA-1F81B8D3D4A3}"
EndProject
Global
	GlobalSection(SolutionConfigurationPlatforms) = preSolution
		Debug|Any CPU = Debug|Any CPU
		Release|Any CPU = Release|Any CPU
	EndGlobalSection
	GlobalSection(ProjectConfigurationPlatforms) = postSolution
		{F7BE2651-F99A-4C5C-A21D-BBFC42964EA1}.Debug|Any CPU.ActiveCfg = Debug|Any CPU
		{F7BE2651-F99A-4C5C-A21D-BBFC42964EA1}.Debug|Any CPU.Build.0 = Debug|Any CPU
		{F7BE2651-F99A-4C5C-A21D-BBFC42964EA1}.Release|Any CPU.ActiveCfg = Release|Any CPU
		{F7BE2651-F99A-4C5C-A21D-BBFC42964EA1}.Release|Any CPU.Build.0 = Release|Any CPU
		{ACC26D62-57B5-44E2-84EA-1F81B8D3D4A3}.Debug|Any CPU.ActiveCfg = Debug|Any CPU
		{ACC26D62-57B5-44E2-84EA-1F81B8D3D4A3}.Debug|Any CPU.Build.0 = Debug|Any CPU
		{ACC26D62-57B5-44E2-84EA-1F81B8D3D4A3}.Release|Any CPU.ActiveCfg = Release|Any CPU
		{ACC26D62-57B5-44E2-84EA-1F81B8D3D4A3}.Release|Any CPU.Build.0 = Release|Any CPU
	EndGlobalSection
	GlobalSection(SolutionProperties) = preSolution
		HideSolutionNode = FALSE
	EndGlobalSection
	GlobalSection(ExtensibilityGlobals) = postSolution
		SolutionGuid = {0FC3E1E2-0FC7-45F8-9254-F838A2EF81D7}
	EndGlobalSection
EndGlobal
